schema: '2.0'
stages:
  check_for_venv_path:
    cmd: machines/check_for_venv_path.sh
  mllam_version:
    cmd: $MLLAM_VENV_PATH/bin/python -c "from neural_lam import __version__; 
      print(__version__)" > version.mllam.txt
  create_lsm_dataset:
    cmd: $MLLAM_VENV_PATH/bin/python src/create_state_dataset.py --input 
      /home/has/data//sources/icon/ICON312_v1.0.0.zarr --output 
      /home/has/data//sources/icon/ICON312_lsm.zarr; touch 
      data/semaphore.lsm.created
    outs:
    - path: data/semaphore.lsm.created
      hash: md5
      md5: d41d8cd98f00b204e9800998ecf8427e
      size: 0
  split_dataset:
    cmd: $MLLAM_VENV_PATH/bin/python -m neural_lam.split_datastore 
      --source_config_path 
      /leonardo/home/userexternal/hschulz0/repos/mllam-exps-ShCu//data/datastore.cropped.yaml
      --interior_config_path 
      /leonardo/home/userexternal/hschulz0/repos/mllam-exps-ShCu//data/datastore.interior.yaml
      --boundary_config_path 
      /leonardo/home/userexternal/hschulz0/repos/mllam-exps-ShCu//data/datastore.boundary.yaml
    deps:
    - path: data/datastore.cropped.yaml
      hash: md5
      md5: 23d8dea9707bb93db56fe9359eae0913
      size: 8390583
    outs:
    - path: data/datastore.boundary.yaml
      hash: md5
      md5: dd9c71744f4809991c1b8d03d35fa421
      size: 18876913
    - path: data/datastore.interior.yaml
      hash: md5
      md5: ebf2956648478d7d85fab5765f600ade
      size: 15286117
  train:
    cmd:
    - export DVC_WORKING_DIR=$(pwd); bash machines/slurm.neural-lam.sh 
      --config_path ./data/config.yaml --logger mlflow --logger-project 
      has/LES/dev --num_workers 4 --batch_size 1 --hidden_dim 32 --precision 
      bf16-mixed --processor_layers 4 --model graph_lam --graph 
      triangular2D_split13 --epochs 20 --ar_steps_train 1 --lr 0.001 --min_lr 
      0.001 --val_interval 5 --ar_steps_eval 10 --val_steps_to_log 1 2 3 4 5 6 7
      10 --num_sanity_steps 1 --eval_init_times --plot_vars t_2m u_10m v_10m 
      pres_sfc --metrics_watch 'val_rmse, mse, random_metric' --num_nodes 1
    deps:
    - path: data/config.yaml
      hash: md5
      md5: e24d3be6fee8fdfa3e36d04e9065521f
      size: 290
    - path: data/datastore.boundary.yaml
      hash: md5
      md5: 484992b7d856f5a83d39b316f8967ce6
      size: 1686
    - path: data/datastore.interior.yaml
      hash: md5
      md5: d410160027f57b4404296fb746830b18
      size: 8390180
    - path: data/graph/
      hash: md5
      md5: 17602a12b58cb787dd84522592b50c69.dir
      size: 248820651
      nfiles: 27
    - path: version.mllam.txt
      hash: md5
      md5: e704daffe4e36699770f5fd4bc16b5fa
      size: 20
    outs:
    - path: saved_models
      hash: md5
      md5: bea3ce8ebde0f16f10394bf063b51c72.dir
      size: 83385840
      nfiles: 24
  evaluate:
    cmd:
    - LASTCHECKPT=./saved_models/train-glare-newt/; export 
      DVC_WORKING_DIR=$(pwd); bash machines/slurm.neural-lam.sh --config_path 
      ./data/config.yaml --eval val --load ${LASTCHECKPT}/last.ckpt --logger 
      mlflow --logger-project has/LES/dev --num_workers 4 --batch_size 1 
      --hidden_dim 32 --precision bf16-mixed --processor_layers 4 --model 
      graph_lam --graph triangular2D_split13 --epochs 20 --ar_steps_train 1 --lr
      0.001 --min_lr 0.001 --val_interval 5 --ar_steps_eval 10 
      --val_steps_to_log 1 2 3 4 5 6 7 10 --num_sanity_steps 1 --eval_init_times
      --plot_vars t_2m u_10m v_10m pres_sfc --metrics_watch 'val_rmse, mse, 
      random_metric' --num_nodes 1
    deps:
    - path: data/config.yaml
      hash: md5
      md5: e24d3be6fee8fdfa3e36d04e9065521f
      size: 290
    - path: data/graph/
      hash: md5
      md5: 17602a12b58cb787dd84522592b50c69.dir
      size: 248820651
      nfiles: 27
    - path: saved_models
      hash: md5
      md5: bea3ce8ebde0f16f10394bf063b51c72.dir
      size: 83385840
      nfiles: 24
    - path: version.mllam.txt
      hash: md5
      md5: e704daffe4e36699770f5fd4bc16b5fa
      size: 20
    outs:
    - path: mlruns
      hash: md5
      md5: 760e19a7c0792eb97bdb0de19c478c99.dir
      size: 8988710
      nfiles: 26
  create_graph:
    cmd: export DVC_WORKING_DIR=$(pwd); uv run python -m 
      neural_lam.build_triangular_graph --config_path data/config.yaml --splits 
      13 --g2m_radius 0.6 --g2m_radius_boundary 0.6 --rotate_ico 
      --two_dim_features --graph_name triangular2D_split13
    deps:
    - path: data/datastore.boundary.yaml
      hash: md5
      md5: 484992b7d856f5a83d39b316f8967ce6
      size: 1686
    - path: data/datastore.interior.yaml
      hash: md5
      md5: d410160027f57b4404296fb746830b18
      size: 8390180
    - path: data/semaphore.lsm.created
      hash: md5
      md5: d41d8cd98f00b204e9800998ecf8427e
      size: 0
    outs:
    - path: data/datastore.boundary.zarr
      hash: md5
      md5: 58577332c703802da2ae2081a186b6e4.dir
      size: 8895645853
      nfiles: 5623
    - path: data/datastore.interior.zarr
      hash: md5
      md5: 5470a4f754264748edb32f605615ddc3.dir
      size: 41337680655
      nfiles: 5621
    - path: data/graph/
      hash: md5
      md5: 17602a12b58cb787dd84522592b50c69.dir
      size: 248820651
      nfiles: 27
  get_grid_information:
    cmd: $MLLAM_VENV_PATH/bin/python src/attach_grid.py
    outs:
    - path: data/grid.zarr
      hash: md5
      md5: 75339de88651f78f27758319b285c250.dir
      size: 334935821
      nfiles: 99
